
Microsoft Visual Studio Solution File, Format Version 12.00
# Visual Studio Version 17
VisualStudioVersion = 17.0.31903.59
MinimumVisualStudioVersion = 10.0.40219.1
Project("{9A19103F-16F7-4668-BE54-9A1E7A4F7556}") = "DragDropFeature", "DragDropFeature.csproj", "{7688BC31-4A6F-4494-B116-B36E4C8D3FBC}"
EndProject
Global
	GlobalSection(SolutionConfigurationPlatforms) = preSolution
		Debug|Any CPU = Debug|Any CPU
		Release|Any CPU = Release|Any CPU
	EndGlobalSection
	GlobalSection(ProjectConfigurationPlatforms) = postSolution
		{7688BC31-4A6F-4494-B116-B36E4C8D3FBC}.Debug|Any CPU.ActiveCfg = Debug|Any CPU
		{7688BC31-4A6F-4494-B116-B36E4C8D3FBC}.Debug|Any CPU.Build.0 = Debug|Any CPU
		{7688BC31-4A6F-4494-B116-B36E4C8D3FBC}.Release|Any CPU.ActiveCfg = Release|Any CPU
		{7688BC31-4A6F-4494-B116-B36E4C8D3FBC}.Release|Any CPU.Build.0 = Release|Any CPU
	EndGlobalSection
	GlobalSection(SolutionProperties) = preSolution
		HideSolutionNode = FALSE
	EndGlobalSection
	GlobalSection(ExtensibilityGlobals) = postSolution
		SolutionGuid = {4856A1B3-DE3C-4AA4-A020-28458C7ACFEC}
	EndGlobalSection
EndGlobal
